
Microsoft Visual Studio Solution File, Format Version 12.00
# Visual Studio 15
VisualStudioVersion = 15.0.27703.2042
MinimumVisualStudioVersion = 10.0.40219.1
Project("{FAE04EC0-301F-11D3-BF4B-00C04F79EFBC}") = "PayAPI", "PayAPI\PayAPI.csproj", "{4EEC4321-9C5F-4D1C-87A9-F1B446B6747E}"
EndProject
Global
	GlobalSection(SolutionConfigurationPlatforms) = preSolution
		Debug|Any CPU = Debug|Any CPU
		Release|Any CPU = Release|Any CPU
	EndGlobalSection
	GlobalSection(ProjectConfigurationPlatforms) = postSolution
		{4EEC4321-9C5F-4D1C-87A9-F1B446B6747E}.Debug|Any CPU.ActiveCfg = Debug|Any CPU
		{4EEC4321-9C5F-4D1C-87A9-F1B446B6747E}.Debug|Any CPU.Build.0 = Debug|Any CPU
		{4EEC4321-9C5F-4D1C-87A9-F1B446B6747E}.Release|Any CPU.ActiveCfg = Release|Any CPU
		{4EEC4321-9C5F-4D1C-87A9-F1B446B6747E}.Release|Any CPU.Build.0 = Release|Any CPU
	EndGlobalSection
	GlobalSection(SolutionProperties) = preSolution
		HideSolutionNode = FALSE
	EndGlobalSection
	GlobalSection(ExtensibilityGlobals) = postSolution
		SolutionGuid = {49D2859C-5B36-4524-A06A-89AB80AB7FE0}
	EndGlobalSection
EndGlobal
